
Microsoft Visual Studio Solution File, Format Version 12.00
# Visual Studio Version 18
VisualStudioVersion = 18.3.11415.281 d18.3
MinimumVisualStudioVersion = 10.0.40219.1
Project("{FAE04EC0-301F-11D3-BF4B-00C04F79EFBC}") = "Bee.CTOS.InternalTruckSchedulingService", "Bee.CTOS.InternalTruckSchedulingService\Bee.CTOS.InternalTruckSchedulingService.csproj", "{DF83DDE9-B354-49EE-87B5-B738775DE7FE}"
EndProject
Project("{FAE04EC0-301F-11D3-BF4B-00C04F79EFBC}") = "Phenix.Core_PgSQL", "Phenix.Core\Phenix.Core_PgSQL.csproj", "{B84D7179-6869-B324-ABD0-AB35EBAC05C1}"
EndProject
Global
	GlobalSection(SolutionConfigurationPlatforms) = preSolution
		Debug|Any CPU = Debug|Any CPU
		Release|Any CPU = Release|Any CPU
	EndGlobalSection
	GlobalSection(ProjectConfigurationPlatforms) = postSolution
		{DF83DDE9-B354-49EE-87B5-B738775DE7FE}.Debug|Any CPU.ActiveCfg = Debug|Any CPU
		{DF83DDE9-B354-49EE-87B5-B738775DE7FE}.Debug|Any CPU.Build.0 = Debug|Any CPU
		{DF83DDE9-B354-49EE-87B5-B738775DE7FE}.Release|Any CPU.ActiveCfg = Release|Any CPU
		{DF83DDE9-B354-49EE-87B5-B738775DE7FE}.Release|Any CPU.Build.0 = Release|Any CPU
		{B84D7179-6869-B324-ABD0-AB35EBAC05C1}.Debug|Any CPU.ActiveCfg = Debug|Any CPU
		{B84D7179-6869-B324-ABD0-AB35EBAC05C1}.Debug|Any CPU.Build.0 = Debug|Any CPU
		{B84D7179-6869-B324-ABD0-AB35EBAC05C1}.Release|Any CPU.ActiveCfg = Release|Any CPU
		{B84D7179-6869-B324-ABD0-AB35EBAC05C1}.Release|Any CPU.Build.0 = Release|Any CPU
	EndGlobalSection
	GlobalSection(SolutionProperties) = preSolution
		HideSolutionNode = FALSE
	EndGlobalSection
	GlobalSection(ExtensibilityGlobals) = postSolution
		SolutionGuid = {4763DB48-829B-4C1E-AE14-A39F4C62AC0E}
	EndGlobalSection
EndGlobal
