
Microsoft Visual Studio Solution File, Format Version 12.00
# Visual Studio Version 18
VisualStudioVersion = 18.3.11415.281
MinimumVisualStudioVersion = 10.0.40219.1
Project("{FAE04EC0-301F-11D3-BF4B-00C04F79EFBC}") = "Bee.CTOS.VehiclePathPlanning.Abstractions", "Bee.CTOS.VehiclePathPlanning.Abstractions\Bee.CTOS.VehiclePathPlanning.Abstractions.csproj", "{875C3CBB-82D1-4F66-B4D5-6506624BC1C7}"
EndProject
Project("{FAE04EC0-301F-11D3-BF4B-00C04F79EFBC}") = "Bee.CTOS.VehiclePathPlanning.Actors", "Bee.CTOS.VehiclePathPlanning.Actors\Bee.CTOS.VehiclePathPlanning.Actors.csproj", "{83056EE3-567E-4F44-8AB8-29E745416BD3}"
EndProject
Project("{FAE04EC0-301F-11D3-BF4B-00C04F79EFBC}") = "Bee.CTOS.VehiclePathPlanning.Api", "Bee.CTOS.VehiclePathPlanning.Api\Bee.CTOS.VehiclePathPlanning.Api.csproj", "{551B8D0F-C422-4A71-A7F2-3998C4C81F10}"
EndProject
Project("{FAE04EC0-301F-11D3-BF4B-00C04F79EFBC}") = "Bee.CTOS.VehiclePathPlanning.Infrastructure", "Bee.CTOS.VehiclePathPlanning.Infrastructure\Bee.CTOS.VehiclePathPlanning.Infrastructure.csproj", "{2273F533-6983-41F6-8F00-292EAB863901}"
EndProject
Project("{FAE04EC0-301F-11D3-BF4B-00C04F79EFBC}") = "Bee.CTOS.VehiclePathPlanning.Application", "Bee.CTOS.VehiclePathPlanning.Application\Bee.CTOS.VehiclePathPlanning.Application.csproj", "{3CEE2A49-4399-47AF-B78E-E5E8773C0797}"
EndProject
Project("{FAE04EC0-301F-11D3-BF4B-00C04F79EFBC}") = "Bee.CTOS.VehiclePathPlanning.ClusterHost", "Bee.CTOS.VehiclePathPlanning.ClusterHost\Bee.CTOS.VehiclePathPlanning.ClusterHost.csproj", "{F33A6912-33B8-4412-8B2C-ADDC5140AFE3}"
EndProject
Project("{FAE04EC0-301F-11D3-BF4B-00C04F79EFBC}") = "Bee.CTOS.VehiclePathPlanning.Tests", "Bee.CTOS.VehiclePathPlanning.Tests\Bee.CTOS.VehiclePathPlanning.Tests.csproj", "{8F8F394C-BFE5-460B-BCA4-1C358C82FEB2}"
EndProject
Project("{2150E333-8FDC-42A3-9474-1A3956D46DE8}") = "解决方案项", "解决方案项", "{0E921281-79B2-428B-A827-73FA313B94B1}"
	ProjectSection(SolutionItems) = preProject
		Bee.CTOS.VehiclePathPlanning.架构图.txt = Bee.CTOS.VehiclePathPlanning.架构图.txt
	EndProjectSection
EndProject
Global
	GlobalSection(SolutionConfigurationPlatforms) = preSolution
		Debug|Any CPU = Debug|Any CPU
		Release|Any CPU = Release|Any CPU
	EndGlobalSection
	GlobalSection(ProjectConfigurationPlatforms) = postSolution
		{875C3CBB-82D1-4F66-B4D5-6506624BC1C7}.Debug|Any CPU.ActiveCfg = Debug|Any CPU
		{875C3CBB-82D1-4F66-B4D5-6506624BC1C7}.Debug|Any CPU.Build.0 = Debug|Any CPU
		{875C3CBB-82D1-4F66-B4D5-6506624BC1C7}.Release|Any CPU.ActiveCfg = Release|Any CPU
		{875C3CBB-82D1-4F66-B4D5-6506624BC1C7}.Release|Any CPU.Build.0 = Release|Any CPU
		{83056EE3-567E-4F44-8AB8-29E745416BD3}.Debug|Any CPU.ActiveCfg = Debug|Any CPU
		{83056EE3-567E-4F44-8AB8-29E745416BD3}.Debug|Any CPU.Build.0 = Debug|Any CPU
		{83056EE3-567E-4F44-8AB8-29E745416BD3}.Release|Any CPU.ActiveCfg = Release|Any CPU
		{83056EE3-567E-4F44-8AB8-29E745416BD3}.Release|Any CPU.Build.0 = Release|Any CPU
		{551B8D0F-C422-4A71-A7F2-3998C4C81F10}.Debug|Any CPU.ActiveCfg = Debug|Any CPU
		{551B8D0F-C422-4A71-A7F2-3998C4C81F10}.Debug|Any CPU.Build.0 = Debug|Any CPU
		{551B8D0F-C422-4A71-A7F2-3998C4C81F10}.Release|Any CPU.ActiveCfg = Release|Any CPU
		{551B8D0F-C422-4A71-A7F2-3998C4C81F10}.Release|Any CPU.Build.0 = Release|Any CPU
		{2273F533-6983-41F6-8F00-292EAB863901}.Debug|Any CPU.ActiveCfg = Debug|Any CPU
		{2273F533-6983-41F6-8F00-292EAB863901}.Debug|Any CPU.Build.0 = Debug|Any CPU
		{2273F533-6983-41F6-8F00-292EAB863901}.Release|Any CPU.ActiveCfg = Release|Any CPU
		{2273F533-6983-41F6-8F00-292EAB863901}.Release|Any CPU.Build.0 = Release|Any CPU
		{3CEE2A49-4399-47AF-B78E-E5E8773C0797}.Debug|Any CPU.ActiveCfg = Debug|Any CPU
		{3CEE2A49-4399-47AF-B78E-E5E8773C0797}.Debug|Any CPU.Build.0 = Debug|Any CPU
		{3CEE2A49-4399-47AF-B78E-E5E8773C0797}.Release|Any CPU.ActiveCfg = Release|Any CPU
		{3CEE2A49-4399-47AF-B78E-E5E8773C0797}.Release|Any CPU.Build.0 = Release|Any CPU
		{F33A6912-33B8-4412-8B2C-ADDC5140AFE3}.Debug|Any CPU.ActiveCfg = Debug|Any CPU
		{F33A6912-33B8-4412-8B2C-ADDC5140AFE3}.Debug|Any CPU.Build.0 = Debug|Any CPU
		{F33A6912-33B8-4412-8B2C-ADDC5140AFE3}.Release|Any CPU.ActiveCfg = Release|Any CPU
		{F33A6912-33B8-4412-8B2C-ADDC5140AFE3}.Release|Any CPU.Build.0 = Release|Any CPU
		{8F8F394C-BFE5-460B-BCA4-1C358C82FEB2}.Debug|Any CPU.ActiveCfg = Debug|Any CPU
		{8F8F394C-BFE5-460B-BCA4-1C358C82FEB2}.Debug|Any CPU.Build.0 = Debug|Any CPU
		{8F8F394C-BFE5-460B-BCA4-1C358C82FEB2}.Release|Any CPU.ActiveCfg = Release|Any CPU
		{8F8F394C-BFE5-460B-BCA4-1C358C82FEB2}.Release|Any CPU.Build.0 = Release|Any CPU
	EndGlobalSection
	GlobalSection(SolutionProperties) = preSolution
		HideSolutionNode = FALSE
	EndGlobalSection
	GlobalSection(ExtensibilityGlobals) = postSolution
		SolutionGuid = {4763DB48-829B-4C1E-AE14-A39F4C62AC0E}
	EndGlobalSection
EndGlobal
